// !$*UTF8*$!
{
	archiveVersion = 1;
	classes = {
	};
	objectVersion = 46;
	objects = {

/* Begin PBXBuildFile section */
		CE161B8BCCAB75DCA7BB73BD /* Pods_Dashcast.framework in Frameworks */ = {isa = PBXBuildFile; fileRef = 499CC3E8E61722B11770F1D1 /* Pods_Dashcast.framework */; settings = {ATTRIBUTES = (Weak, ); }; };
		E54623EF1B40D4FD00664E0B /* AppDelegate.swift in Sources */ = {isa = PBXBuildFile; fileRef = E54623EE1B40D4FD00664E0B /* AppDelegate.swift */; };
		E54623F11B40D4FD00664E0B /* ViewController.swift in Sources */ = {isa = PBXBuildFile; fileRef = E54623F01B40D4FD00664E0B /* ViewController.swift */; };
		E54623F41B40D4FD00664E0B /* Main.storyboard in Resources */ = {isa = PBXBuildFile; fileRef = E54623F21B40D4FD00664E0B /* Main.storyboard */; };
		E54623F61B40D4FD00664E0B /* Images.xcassets in Resources */ = {isa = PBXBuildFile; fileRef = E54623F51B40D4FD00664E0B /* Images.xcassets */; };
		E54623F91B40D4FD00664E0B /* LaunchScreen.xib in Resources */ = {isa = PBXBuildFile; fileRef = E54623F71B40D4FD00664E0B /* LaunchScreen.xib */; };
		E54624051B40D4FD00664E0B /* DashcastTests.swift in Sources */ = {isa = PBXBuildFile; fileRef = E54624041B40D4FD00664E0B /* DashcastTests.swift */; };
		E54624171B40D99F00664E0B /* PodcastListViewController.swift in Sources */ = {isa = PBXBuildFile; fileRef = E54624161B40D99F00664E0B /* PodcastListViewController.swift */; };
		E546241A1B40DFDB00664E0B /* BasicCell.swift in Sources */ = {isa = PBXBuildFile; fileRef = E54624181B40DFDB00664E0B /* BasicCell.swift */; };
		E546241B1B40DFDB00664E0B /* BasicCell.xib in Resources */ = {isa = PBXBuildFile; fileRef = E54624191B40DFDB00664E0B /* BasicCell.xib */; };
		E546241D1B40E52900664E0B /* DataManager.swift in Sources */ = {isa = PBXBuildFile; fileRef = E546241C1B40E52900664E0B /* DataManager.swift */; };
		E54624201B410F6900664E0B /* PodcastDashViewController.swift in Sources */ = {isa = PBXBuildFile; fileRef = E546241E1B410F6900664E0B /* PodcastDashViewController.swift */; };
		E54624211B410F6900664E0B /* PodcastDashViewController.xib in Resources */ = {isa = PBXBuildFile; fileRef = E546241F1B410F6900664E0B /* PodcastDashViewController.xib */; };
		E55FED001B42574E00AF2E88 /* Charts.framework in Frameworks */ = {isa = PBXBuildFile; fileRef = E55FECFF1B4256F500AF2E88 /* Charts.framework */; };
		E55FED011B42574E00AF2E88 /* Charts.framework in Embed Frameworks */ = {isa = PBXBuildFile; fileRef = E55FECFF1B4256F500AF2E88 /* Charts.framework */; settings = {ATTRIBUTES = (CodeSignOnCopy, RemoveHeadersOnCopy, ); }; };
		E55FED0D1B43A4EA00AF2E88 /* SwipeViewController.swift in Sources */ = {isa = PBXBuildFile; fileRef = E55FED0B1B43A4EA00AF2E88 /* SwipeViewController.swift */; };
		E55FED101B43A99600AF2E88 /* CardView.swift in Sources */ = {isa = PBXBuildFile; fileRef = E55FED0F1B43A99600AF2E88 /* CardView.swift */; };
		E5A294761B44F7C8002D96B7 /* Cartography.framework in Frameworks */ = {isa = PBXBuildFile; fileRef = E5A2946F1B44F784002D96B7 /* Cartography.framework */; };
		E5A294771B44F7C8002D96B7 /* Cartography.framework in Embed Frameworks */ = {isa = PBXBuildFile; fileRef = E5A2946F1B44F784002D96B7 /* Cartography.framework */; settings = {ATTRIBUTES = (CodeSignOnCopy, RemoveHeadersOnCopy, ); }; };
/* End PBXBuildFile section */

/* Begin PBXContainerItemProxy section */
		E54623FF1B40D4FD00664E0B /* PBXContainerItemProxy */ = {
			isa = PBXContainerItemProxy;
			containerPortal = E54623E11B40D4FD00664E0B /* Project object */;
			proxyType = 1;
			remoteGlobalIDString = E54623E81B40D4FD00664E0B;
			remoteInfo = Dashcast;
		};
		E55FECFE1B4256F500AF2E88 /* PBXContainerItemProxy */ = {
			isa = PBXContainerItemProxy;
			containerPortal = E55FECFA1B4256F500AF2E88 /* Charts.xcodeproj */;
			proxyType = 2;
			remoteGlobalIDString = 5BA8EC401A9D14DC00CE82E1;
			remoteInfo = Charts;
		};
		E55FED021B42574E00AF2E88 /* PBXContainerItemProxy */ = {
			isa = PBXContainerItemProxy;
			containerPortal = E55FECFA1B4256F500AF2E88 /* Charts.xcodeproj */;
			proxyType = 1;
			remoteGlobalIDString = 5BA8EC3F1A9D14DC00CE82E1;
			remoteInfo = Charts;
		};
		E5A2946E1B44F784002D96B7 /* PBXContainerItemProxy */ = {
			isa = PBXContainerItemProxy;
			containerPortal = E5A294671B44F784002D96B7 /* Cartography.xcodeproj */;
			proxyType = 2;
			remoteGlobalIDString = 54C96A11195063CD000CDD27;
			remoteInfo = "Cartography-iOS";
		};
		E5A294701B44F784002D96B7 /* PBXContainerItemProxy */ = {
			isa = PBXContainerItemProxy;
			containerPortal = E5A294671B44F784002D96B7 /* Cartography.xcodeproj */;
			proxyType = 2;
			remoteGlobalIDString = 54C96A1C195063CD000CDD27;
			remoteInfo = "Cartography-iOS-Tests";
		};
		E5A294721B44F784002D96B7 /* PBXContainerItemProxy */ = {
			isa = PBXContainerItemProxy;
			containerPortal = E5A294671B44F784002D96B7 /* Cartography.xcodeproj */;
			proxyType = 2;
			remoteGlobalIDString = 54F6A838195C20C100313D24;
			remoteInfo = "Cartography-Mac";
		};
		E5A294741B44F784002D96B7 /* PBXContainerItemProxy */ = {
			isa = PBXContainerItemProxy;
			containerPortal = E5A294671B44F784002D96B7 /* Cartography.xcodeproj */;
			proxyType = 2;
			remoteGlobalIDString = 54F6A842195C20C200313D24;
			remoteInfo = "Cartography-Mac-Tests";
		};
		E5A294781B44F7C8002D96B7 /* PBXContainerItemProxy */ = {
			isa = PBXContainerItemProxy;
			containerPortal = E5A294671B44F784002D96B7 /* Cartography.xcodeproj */;
			proxyType = 1;
			remoteGlobalIDString = 54C96A10195063CD000CDD27;
			remoteInfo = "Cartography-iOS";
		};
/* End PBXContainerItemProxy section */

/* Begin PBXCopyFilesBuildPhase section */
		E55FED041B42574F00AF2E88 /* Embed Frameworks */ = {
			isa = PBXCopyFilesBuildPhase;
			buildActionMask = 2147483647;
			dstPath = "";
			dstSubfolderSpec = 10;
			files = (
				E55FED011B42574E00AF2E88 /* Charts.framework in Embed Frameworks */,
				E5A294771B44F7C8002D96B7 /* Cartography.framework in Embed Frameworks */,
			);
			name = "Embed Frameworks";
			runOnlyForDeploymentPostprocessing = 0;
		};
/* End PBXCopyFilesBuildPhase section */

/* Begin PBXFileReference section */
		1C193A960F22CE39A7ACAFF1 /* Pods-Dashcast.release.xcconfig */ = {isa = PBXFileReference; includeInIndex = 1; lastKnownFileType = text.xcconfig; name = "Pods-Dashcast.release.xcconfig"; path = "Pods/Target Support Files/Pods-Dashcast/Pods-Dashcast.release.xcconfig"; sourceTree = "<group>"; };
		499CC3E8E61722B11770F1D1 /* Pods_Dashcast.framework */ = {isa = PBXFileReference; explicitFileType = wrapper.framework; includeInIndex = 0; path = Pods_Dashcast.framework; sourceTree = BUILT_PRODUCTS_DIR; };
		A37DE3D5287E380D0E4AE3D7 /* Pods-Dashcast.debug.xcconfig */ = {isa = PBXFileReference; includeInIndex = 1; lastKnownFileType = text.xcconfig; name = "Pods-Dashcast.debug.xcconfig"; path = "Pods/Target Support Files/Pods-Dashcast/Pods-Dashcast.debug.xcconfig"; sourceTree = "<group>"; };
		E54623E91B40D4FD00664E0B /* SwipeQuote.app */ = {isa = PBXFileReference; explicitFileType = wrapper.application; includeInIndex = 0; path = SwipeQuote.app; sourceTree = BUILT_PRODUCTS_DIR; };
		E54623ED1B40D4FD00664E0B /* Info.plist */ = {isa = PBXFileReference; lastKnownFileType = text.plist.xml; path = Info.plist; sourceTree = "<group>"; };
		E54623EE1B40D4FD00664E0B /* AppDelegate.swift */ = {isa = PBXFileReference; lastKnownFileType = sourcecode.swift; path = AppDelegate.swift; sourceTree = "<group>"; };
		E54623F01B40D4FD00664E0B /* ViewController.swift */ = {isa = PBXFileReference; lastKnownFileType = sourcecode.swift; path = ViewController.swift; sourceTree = "<group>"; };
		E54623F31B40D4FD00664E0B /* Base */ = {isa = PBXFileReference; lastKnownFileType = file.storyboard; name = Base; path = Base.lproj/Main.storyboard; sourceTree = "<group>"; };
		E54623F51B40D4FD00664E0B /* Images.xcassets */ = {isa = PBXFileReference; lastKnownFileType = folder.assetcatalog; path = Images.xcassets; sourceTree = "<group>"; };
		E54623F81B40D4FD00664E0B /* Base */ = {isa = PBXFileReference; lastKnownFileType = file.xib; name = Base; path = Base.lproj/LaunchScreen.xib; sourceTree = "<group>"; };
		E54623FE1B40D4FD00664E0B /* SwipeQuoteTests.xctest */ = {isa = PBXFileReference; explicitFileType = wrapper.cfbundle; includeInIndex = 0; path = SwipeQuoteTests.xctest; sourceTree = BUILT_PRODUCTS_DIR; };
		E54624031B40D4FD00664E0B /* Info.plist */ = {isa = PBXFileReference; lastKnownFileType = text.plist.xml; path = Info.plist; sourceTree = "<group>"; };
		E54624041B40D4FD00664E0B /* DashcastTests.swift */ = {isa = PBXFileReference; lastKnownFileType = sourcecode.swift; path = DashcastTests.swift; sourceTree = "<group>"; };
		E546240E1B40D61000664E0B /* Dashcast-Bridging-Header.h */ = {isa = PBXFileReference; lastKnownFileType = sourcecode.c.h; path = "Dashcast-Bridging-Header.h"; sourceTree = "<group>"; };
		E54624161B40D99F00664E0B /* PodcastListViewController.swift */ = {isa = PBXFileReference; fileEncoding = 4; lastKnownFileType = sourcecode.swift; path = PodcastListViewController.swift; sourceTree = "<group>"; };
		E54624181B40DFDB00664E0B /* BasicCell.swift */ = {isa = PBXFileReference; fileEncoding = 4; lastKnownFileType = sourcecode.swift; path = BasicCell.swift; sourceTree = "<group>"; };
		E54624191B40DFDB00664E0B /* BasicCell.xib */ = {isa = PBXFileReference; fileEncoding = 4; lastKnownFileType = file.xib; path = BasicCell.xib; sourceTree = "<group>"; };
		E546241C1B40E52900664E0B /* DataManager.swift */ = {isa = PBXFileReference; fileEncoding = 4; lastKnownFileType = sourcecode.swift; path = DataManager.swift; sourceTree = "<group>"; };
		E546241E1B410F6900664E0B /* PodcastDashViewController.swift */ = {isa = PBXFileReference; fileEncoding = 4; lastKnownFileType = sourcecode.swift; path = PodcastDashViewController.swift; sourceTree = "<group>"; };
		E546241F1B410F6900664E0B /* PodcastDashViewController.xib */ = {isa = PBXFileReference; fileEncoding = 4; lastKnownFileType = file.xib; path = PodcastDashViewController.xib; sourceTree = "<group>"; };
		E55FECFA1B4256F500AF2E88 /* Charts.xcodeproj */ = {isa = PBXFileReference; lastKnownFileType = "wrapper.pb-project"; name = Charts.xcodeproj; path = "../../../Downloads/ios-charts-master/Charts/Charts.xcodeproj"; sourceTree = "<group>"; };
		E55FED0B1B43A4EA00AF2E88 /* SwipeViewController.swift */ = {isa = PBXFileReference; fileEncoding = 4; lastKnownFileType = sourcecode.swift; path = SwipeViewController.swift; sourceTree = "<group>"; };
		E55FED0F1B43A99600AF2E88 /* CardView.swift */ = {isa = PBXFileReference; fileEncoding = 4; lastKnownFileType = sourcecode.swift; path = CardView.swift; sourceTree = "<group>"; };
		E5A294671B44F784002D96B7 /* Cartography.xcodeproj */ = {isa = PBXFileReference; lastKnownFileType = "wrapper.pb-project"; name = Cartography.xcodeproj; path = "../../../Downloads/Cartography-master/Cartography.xcodeproj"; sourceTree = "<group>"; };
/* End PBXFileReference section */

/* Begin PBXFrameworksBuildPhase section */
		E54623E61B40D4FD00664E0B /* Frameworks */ = {
			isa = PBXFrameworksBuildPhase;
			buildActionMask = 2147483647;
			files = (
				CE161B8BCCAB75DCA7BB73BD /* Pods_Dashcast.framework in Frameworks */,
				E55FED001B42574E00AF2E88 /* Charts.framework in Frameworks */,
				E5A294761B44F7C8002D96B7 /* Cartography.framework in Frameworks */,
			);
			runOnlyForDeploymentPostprocessing = 0;
		};
		E54623FB1B40D4FD00664E0B /* Frameworks */ = {
			isa = PBXFrameworksBuildPhase;
			buildActionMask = 2147483647;
			files = (
			);
			runOnlyForDeploymentPostprocessing = 0;
		};
/* End PBXFrameworksBuildPhase section */

/* Begin PBXGroup section */
		E54623E01B40D4FD00664E0B = {
			isa = PBXGroup;
			children = (
				E54623EB1B40D4FD00664E0B /* Dashcast */,
				E54624011B40D4FD00664E0B /* DashcastTests */,
				E54623EA1B40D4FD00664E0B /* Products */,
				F90C03784ABD29B3085AB862 /* Pods */,
				E94E63201296092AB1BA051C /* Frameworks */,
				E546240E1B40D61000664E0B /* Dashcast-Bridging-Header.h */,
				E55FECFA1B4256F500AF2E88 /* Charts.xcodeproj */,
				E5A294671B44F784002D96B7 /* Cartography.xcodeproj */,
			);
			sourceTree = "<group>";
		};
		E54623EA1B40D4FD00664E0B /* Products */ = {
			isa = PBXGroup;
			children = (
				E54623E91B40D4FD00664E0B /* SwipeQuote.app */,
				E54623FE1B40D4FD00664E0B /* SwipeQuoteTests.xctest */,
			);
			name = Products;
			sourceTree = "<group>";
		};
		E54623EB1B40D4FD00664E0B /* Dashcast */ = {
			isa = PBXGroup;
			children = (
				E54623EE1B40D4FD00664E0B /* AppDelegate.swift */,
				E54623F01B40D4FD00664E0B /* ViewController.swift */,
				E54623F21B40D4FD00664E0B /* Main.storyboard */,
				E54624161B40D99F00664E0B /* PodcastListViewController.swift */,
				E546241E1B410F6900664E0B /* PodcastDashViewController.swift */,
				E546241F1B410F6900664E0B /* PodcastDashViewController.xib */,
				E546241C1B40E52900664E0B /* DataManager.swift */,
				E54624181B40DFDB00664E0B /* BasicCell.swift */,
				E54624191B40DFDB00664E0B /* BasicCell.xib */,
				E55FED0B1B43A4EA00AF2E88 /* SwipeViewController.swift */,
				E55FED0F1B43A99600AF2E88 /* CardView.swift */,
				E54623F51B40D4FD00664E0B /* Images.xcassets */,
				E54623F71B40D4FD00664E0B /* LaunchScreen.xib */,
				E54623EC1B40D4FD00664E0B /* Supporting Files */,
			);
			path = Dashcast;
			sourceTree = "<group>";
		};
		E54623EC1B40D4FD00664E0B /* Supporting Files */ = {
			isa = PBXGroup;
			children = (
				E54623ED1B40D4FD00664E0B /* Info.plist */,
			);
			name = "Supporting Files";
			sourceTree = "<group>";
		};
		E54624011B40D4FD00664E0B /* DashcastTests */ = {
			isa = PBXGroup;
			children = (
				E54624041B40D4FD00664E0B /* DashcastTests.swift */,
				E54624021B40D4FD00664E0B /* Supporting Files */,
			);
			path = DashcastTests;
			sourceTree = "<group>";
		};
		E54624021B40D4FD00664E0B /* Supporting Files */ = {
			isa = PBXGroup;
			children = (
				E54624031B40D4FD00664E0B /* Info.plist */,
			);
			name = "Supporting Files";
			sourceTree = "<group>";
		};
		E55FECFB1B4256F500AF2E88 /* Products */ = {
			isa = PBXGroup;
			children = (
				E55FECFF1B4256F500AF2E88 /* Charts.framework */,
			);
			name = Products;
			sourceTree = "<group>";
		};
		E5A294681B44F784002D96B7 /* Products */ = {
			isa = PBXGroup;
			children = (
				E5A2946F1B44F784002D96B7 /* Cartography.framework */,
				E5A294711B44F784002D96B7 /* Cartography-iOS-Tests.xctest */,
				E5A294731B44F784002D96B7 /* Cartography.framework */,
				E5A294751B44F784002D96B7 /* Cartography-Mac-Tests.xctest */,
			);
			name = Products;
			sourceTree = "<group>";
		};
		E94E63201296092AB1BA051C /* Frameworks */ = {
			isa = PBXGroup;
			children = (
				499CC3E8E61722B11770F1D1 /* Pods_Dashcast.framework */,
			);
			name = Frameworks;
			sourceTree = "<group>";
		};
		F90C03784ABD29B3085AB862 /* Pods */ = {
			isa = PBXGroup;
			children = (
				A37DE3D5287E380D0E4AE3D7 /* Pods-Dashcast.debug.xcconfig */,
				1C193A960F22CE39A7ACAFF1 /* Pods-Dashcast.release.xcconfig */,
			);
			name = Pods;
			sourceTree = "<group>";
		};
/* End PBXGroup section */

/* Begin PBXNativeTarget section */
		E54623E81B40D4FD00664E0B /* SwipeQuote */ = {
			isa = PBXNativeTarget;
			buildConfigurationList = E54624081B40D4FD00664E0B /* Build configuration list for PBXNativeTarget "SwipeQuote" */;
			buildPhases = (
				8C5BE9E23AF8EFE5101CCD27 /* Check Pods Manifest.lock */,
				E54623E51B40D4FD00664E0B /* Sources */,
				E54623E61B40D4FD00664E0B /* Frameworks */,
				E54623E71B40D4FD00664E0B /* Resources */,
				8397A5C26D77391E30EB274F /* Embed Pods Frameworks */,
				8E5BCB99BC753CCCB1C2DF82 /* Copy Pods Resources */,
				E55FED041B42574F00AF2E88 /* Embed Frameworks */,
			);
			buildRules = (
			);
			dependencies = (
				E55FED031B42574E00AF2E88 /* PBXTargetDependency */,
				E5A294791B44F7C8002D96B7 /* PBXTargetDependency */,
			);
			name = SwipeQuote;
			productName = Dashcast;
			productReference = E54623E91B40D4FD00664E0B /* SwipeQuote.app */;
			productType = "com.apple.product-type.application";
		};
		E54623FD1B40D4FD00664E0B /* SwipeQuoteTests */ = {
			isa = PBXNativeTarget;
			buildConfigurationList = E546240B1B40D4FD00664E0B /* Build configuration list for PBXNativeTarget "SwipeQuoteTests" */;
			buildPhases = (
				E54623FA1B40D4FD00664E0B /* Sources */,
				E54623FB1B40D4FD00664E0B /* Frameworks */,
				E54623FC1B40D4FD00664E0B /* Resources */,
			);
			buildRules = (
			);
			dependencies = (
				E54624001B40D4FD00664E0B /* PBXTargetDependency */,
			);
			name = SwipeQuoteTests;
			productName = DashcastTests;
			productReference = E54623FE1B40D4FD00664E0B /* SwipeQuoteTests.xctest */;
			productType = "com.apple.product-type.bundle.unit-test";
		};
/* End PBXNativeTarget section */

/* Begin PBXProject section */
		E54623E11B40D4FD00664E0B /* Project object */ = {
			isa = PBXProject;
			attributes = {
				LastUpgradeCheck = 0630;
				ORGANIZATIONNAME = com.bruinSquare;
				TargetAttributes = {
					E54623E81B40D4FD00664E0B = {
						CreatedOnToolsVersion = 6.3.1;
					};
					E54623FD1B40D4FD00664E0B = {
						CreatedOnToolsVersion = 6.3.1;
						TestTargetID = E54623E81B40D4FD00664E0B;
					};
				};
			};
			buildConfigurationList = E54623E41B40D4FD00664E0B /* Build configuration list for PBXProject "SwipeQuote" */;
			compatibilityVersion = "Xcode 3.2";
			developmentRegion = English;
			hasScannedForEncodings = 0;
			knownRegions = (
				en,
				Base,
			);
			mainGroup = E54623E01B40D4FD00664E0B;
			productRefGroup = E54623EA1B40D4FD00664E0B /* Products */;
			projectDirPath = "";
			projectReferences = (
				{
					ProductGroup = E5A294681B44F784002D96B7 /* Products */;
					ProjectRef = E5A294671B44F784002D96B7 /* Cartography.xcodeproj */;
				},
				{
					ProductGroup = E55FECFB1B4256F500AF2E88 /* Products */;
					ProjectRef = E55FECFA1B4256F500AF2E88 /* Charts.xcodeproj */;
				},
			);
			projectRoot = "";
			targets = (
				E54623E81B40D4FD00664E0B /* SwipeQuote */,
				E54623FD1B40D4FD00664E0B /* SwipeQuoteTests */,
			);
		};
/* End PBXProject section */

/* Begin PBXReferenceProxy section */
		E55FECFF1B4256F500AF2E88 /* Charts.framework */ = {
			isa = PBXReferenceProxy;
			fileType = wrapper.framework;
			path = Charts.framework;
			remoteRef = E55FECFE1B4256F500AF2E88 /* PBXContainerItemProxy */;
			sourceTree = BUILT_PRODUCTS_DIR;
		};
		E5A2946F1B44F784002D96B7 /* Cartography.framework */ = {
			isa = PBXReferenceProxy;
			fileType = wrapper.framework;
			path = Cartography.framework;
			remoteRef = E5A2946E1B44F784002D96B7 /* PBXContainerItemProxy */;
			sourceTree = BUILT_PRODUCTS_DIR;
		};
		E5A294711B44F784002D96B7 /* Cartography-iOS-Tests.xctest */ = {
			isa = PBXReferenceProxy;
			fileType = wrapper.cfbundle;
			path = "Cartography-iOS-Tests.xctest";
			remoteRef = E5A294701B44F784002D96B7 /* PBXContainerItemProxy */;
			sourceTree = BUILT_PRODUCTS_DIR;
		};
		E5A294731B44F784002D96B7 /* Cartography.framework */ = {
			isa = PBXReferenceProxy;
			fileType = wrapper.framework;
			path = Cartography.framework;
			remoteRef = E5A294721B44F784002D96B7 /* PBXContainerItemProxy */;
			sourceTree = BUILT_PRODUCTS_DIR;
		};
		E5A294751B44F784002D96B7 /* Cartography-Mac-Tests.xctest */ = {
			isa = PBXReferenceProxy;
			fileType = wrapper.cfbundle;
			path = "Cartography-Mac-Tests.xctest";
			remoteRef = E5A294741B44F784002D96B7 /* PBXContainerItemProxy */;
			sourceTree = BUILT_PRODUCTS_DIR;
		};
/* End PBXReferenceProxy section */

/* Begin PBXResourcesBuildPhase section */
		E54623E71B40D4FD00664E0B /* Resources */ = {
			isa = PBXResourcesBuildPhase;
			buildActionMask = 2147483647;
			files = (
				E546241B1B40DFDB00664E0B /* BasicCell.xib in Resources */,
				E54624211B410F6900664E0B /* PodcastDashViewController.xib in Resources */,
				E54623F41B40D4FD00664E0B /* Main.storyboard in Resources */,
				E54623F91B40D4FD00664E0B /* LaunchScreen.xib in Resources */,
				E54623F61B40D4FD00664E0B /* Images.xcassets in Resources */,
			);
			runOnlyForDeploymentPostprocessing = 0;
		};
		E54623FC1B40D4FD00664E0B /* Resources */ = {
			isa = PBXResourcesBuildPhase;
			buildActionMask = 2147483647;
			files = (
			);
			runOnlyForDeploymentPostprocessing = 0;
		};
/* End PBXResourcesBuildPhase section */

/* Begin PBXShellScriptBuildPhase section */
		8397A5C26D77391E30EB274F /* Embed Pods Frameworks */ = {
			isa = PBXShellScriptBuildPhase;
			buildActionMask = 2147483647;
			files = (
			);
			inputPaths = (
			);
			name = "Embed Pods Frameworks";
			outputPaths = (
			);
			runOnlyForDeploymentPostprocessing = 0;
			shellPath = /bin/sh;
			shellScript = "\"${SRCROOT}/Pods/Target Support Files/Pods-Dashcast/Pods-Dashcast-frameworks.sh\"\n";
			showEnvVarsInLog = 0;
		};
		8C5BE9E23AF8EFE5101CCD27 /* Check Pods Manifest.lock */ = {
			isa = PBXShellScriptBuildPhase;
			buildActionMask = 2147483647;
			files = (
			);
			inputPaths = (
			);
			name = "Check Pods Manifest.lock";
			outputPaths = (
			);
			runOnlyForDeploymentPostprocessing = 0;
			shellPath = /bin/sh;
			shellScript = "diff \"${PODS_ROOT}/../Podfile.lock\" \"${PODS_ROOT}/Manifest.lock\" > /dev/null\nif [[ $? != 0 ]] ; then\n    cat << EOM\nerror: The sandbox is not in sync with the Podfile.lock. Run 'pod install' or update your CocoaPods installation.\nEOM\n    exit 1\nfi\n";
			showEnvVarsInLog = 0;
		};
		8E5BCB99BC753CCCB1C2DF82 /* Copy Pods Resources */ = {
			isa = PBXShellScriptBuildPhase;
			buildActionMask = 2147483647;
			files = (
			);
			inputPaths = (
			);
			name = "Copy Pods Resources";
			outputPaths = (
			);
			runOnlyForDeploymentPostprocessing = 0;
			shellPath = /bin/sh;
			shellScript = "\"${SRCROOT}/Pods/Target Support Files/Pods-Dashcast/Pods-Dashcast-resources.sh\"\n";
			showEnvVarsInLog = 0;
		};
/* End PBXShellScriptBuildPhase section */

/* Begin PBXSourcesBuildPhase section */
		E54623E51B40D4FD00664E0B /* Sources */ = {
			isa = PBXSourcesBuildPhase;
			buildActionMask = 2147483647;
			files = (
				E546241A1B40DFDB00664E0B /* BasicCell.swift in Sources */,
				E546241D1B40E52900664E0B /* DataManager.swift in Sources */,
				E54623F11B40D4FD00664E0B /* ViewController.swift in Sources */,
				E54624171B40D99F00664E0B /* PodcastListViewController.swift in Sources */,
				E54623EF1B40D4FD00664E0B /* AppDelegate.swift in Sources */,
				E55FED0D1B43A4EA00AF2E88 /* SwipeViewController.swift in Sources */,
				E55FED101B43A99600AF2E88 /* CardView.swift in Sources */,
				E54624201B410F6900664E0B /* PodcastDashViewController.swift in Sources */,
			);
			runOnlyForDeploymentPostprocessing = 0;
		};
		E54623FA1B40D4FD00664E0B /* Sources */ = {
			isa = PBXSourcesBuildPhase;
			buildActionMask = 2147483647;
			files = (
				E54624051B40D4FD00664E0B /* DashcastTests.swift in Sources */,
			);
			runOnlyForDeploymentPostprocessing = 0;
		};
/* End PBXSourcesBuildPhase section */

/* Begin PBXTargetDependency section */
		E54624001B40D4FD00664E0B /* PBXTargetDependency */ = {
			isa = PBXTargetDependency;
			target = E54623E81B40D4FD00664E0B /* SwipeQuote */;
			targetProxy = E54623FF1B40D4FD00664E0B /* PBXContainerItemProxy */;
		};
		E55FED031B42574E00AF2E88 /* PBXTargetDependency */ = {
			isa = PBXTargetDependency;
			name = Charts;
			targetProxy = E55FED021B42574E00AF2E88 /* PBXContainerItemProxy */;
		};
		E5A294791B44F7C8002D96B7 /* PBXTargetDependency */ = {
			isa = PBXTargetDependency;
			name = "Cartography-iOS";
			targetProxy = E5A294781B44F7C8002D96B7 /* PBXContainerItemProxy */;
		};
/* End PBXTargetDependency section */

/* Begin PBXVariantGroup section */
		E54623F21B40D4FD00664E0B /* Main.storyboard */ = {
			isa = PBXVariantGroup;
			children = (
				E54623F31B40D4FD00664E0B /* Base */,
			);
			name = Main.storyboard;
			sourceTree = "<group>";
		};
		E54623F71B40D4FD00664E0B /* LaunchScreen.xib */ = {
			isa = PBXVariantGroup;
			children = (
				E54623F81B40D4FD00664E0B /* Base */,
			);
			name = LaunchScreen.xib;
			sourceTree = "<group>";
		};
/* End PBXVariantGroup section */

/* Begin XCBuildConfiguration section */
		E54624061B40D4FD00664E0B /* Debug */ = {
			isa = XCBuildConfiguration;
			buildSettings = {
				ALWAYS_SEARCH_USER_PATHS = NO;
				CLANG_CXX_LANGUAGE_STANDARD = "gnu++0x";
				CLANG_CXX_LIBRARY = "libc++";
				CLANG_ENABLE_MODULES = YES;
				CLANG_ENABLE_OBJC_ARC = YES;
				CLANG_WARN_BOOL_CONVERSION = YES;
				CLANG_WARN_CONSTANT_CONVERSION = YES;
				CLANG_WARN_DIRECT_OBJC_ISA_USAGE = YES_ERROR;
				CLANG_WARN_EMPTY_BODY = YES;
				CLANG_WARN_ENUM_CONVERSION = YES;
				CLANG_WARN_INT_CONVERSION = YES;
				CLANG_WARN_OBJC_ROOT_CLASS = YES_ERROR;
				CLANG_WARN_UNREACHABLE_CODE = YES;
				CLANG_WARN__DUPLICATE_METHOD_MATCH = YES;
				"CODE_SIGN_IDENTITY[sdk=iphoneos*]" = "iPhone Developer";
				COPY_PHASE_STRIP = NO;
				DEBUG_INFORMATION_FORMAT = "dwarf-with-dsym";
				ENABLE_STRICT_OBJC_MSGSEND = YES;
				GCC_C_LANGUAGE_STANDARD = gnu99;
				GCC_DYNAMIC_NO_PIC = NO;
				GCC_NO_COMMON_BLOCKS = YES;
				GCC_OPTIMIZATION_LEVEL = 0;
				GCC_PREPROCESSOR_DEFINITIONS = (
					"DEBUG=1",
					"$(inherited)",
				);
				GCC_SYMBOLS_PRIVATE_EXTERN = NO;
				GCC_WARN_64_TO_32_BIT_CONVERSION = YES;
				GCC_WARN_ABOUT_RETURN_TYPE = YES_ERROR;
				GCC_WARN_UNDECLARED_SELECTOR = YES;
				GCC_WARN_UNINITIALIZED_AUTOS = YES_AGGRESSIVE;
				GCC_WARN_UNUSED_FUNCTION = YES;
				GCC_WARN_UNUSED_VARIABLE = YES;
				IPHONEOS_DEPLOYMENT_TARGET = 8.3;
				MTL_ENABLE_DEBUG_INFO = YES;
				ONLY_ACTIVE_ARCH = YES;
				SDKROOT = iphoneos;
				SWIFT_OPTIMIZATION_LEVEL = "-Onone";
			};
			name = Debug;
		};
		E54624071B40D4FD00664E0B /* Release */ = {
			isa = XCBuildConfiguration;
			buildSettings = {
				ALWAYS_SEARCH_USER_PATHS = NO;
				CLANG_CXX_LANGUAGE_STANDARD = "gnu++0x";
				CLANG_CXX_LIBRARY = "libc++";
				CLANG_ENABLE_MODULES = YES;
				CLANG_ENABLE_OBJC_ARC = YES;
				CLANG_WARN_BOOL_CONVERSION = YES;
				CLANG_WARN_CONSTANT_CONVERSION = YES;
				CLANG_WARN_DIRECT_OBJC_ISA_USAGE = YES_ERROR;
				CLANG_WARN_EMPTY_BODY = YES;
				CLANG_WARN_ENUM_CONVERSION = YES;
				CLANG_WARN_INT_CONVERSION = YES;
				CLANG_WARN_OBJC_ROOT_CLASS = YES_ERROR;
				CLANG_WARN_UNREACHABLE_CODE = YES;
				CLANG_WARN__DUPLICATE_METHOD_MATCH = YES;
				"CODE_SIGN_IDENTITY[sdk=iphoneos*]" = "iPhone Developer";
				COPY_PHASE_STRIP = NO;
				DEBUG_INFORMATION_FORMAT = "dwarf-with-dsym";
				ENABLE_NS_ASSERTIONS = NO;
				ENABLE_STRICT_OBJC_MSGSEND = YES;
				GCC_C_LANGUAGE_STANDARD = gnu99;
				GCC_NO_COMMON_BLOCKS = YES;
				GCC_WARN_64_TO_32_BIT_CONVERSION = YES;
				GCC_WARN_ABOUT_RETURN_TYPE = YES_ERROR;
				GCC_WARN_UNDECLARED_SELECTOR = YES;
				GCC_WARN_UNINITIALIZED_AUTOS = YES_AGGRESSIVE;
				GCC_WARN_UNUSED_FUNCTION = YES;
				GCC_WARN_UNUSED_VARIABLE = YES;
				IPHONEOS_DEPLOYMENT_TARGET = 8.3;
				MTL_ENABLE_DEBUG_INFO = NO;
				SDKROOT = iphoneos;
				VALIDATE_PRODUCT = YES;
			};
			name = Release;
		};
		E54624091B40D4FD00664E0B /* Debug */ = {
			isa = XCBuildConfiguration;
			baseConfigurationReference = A37DE3D5287E380D0E4AE3D7 /* Pods-Dashcast.debug.xcconfig */;
			buildSettings = {
				ASSETCATALOG_COMPILER_APPICON_NAME = AppIcon;
				CLANG_ENABLE_MODULES = YES;
				INFOPLIST_FILE = Dashcast/Info.plist;
				LD_RUNPATH_SEARCH_PATHS = "$(inherited) @executable_path/Frameworks";
				PRODUCT_NAME = SwipeQuote;
				SWIFT_OBJC_BRIDGING_HEADER = "Dashcast-Bridging-Header.h";
				SWIFT_OPTIMIZATION_LEVEL = "-Onone";
			};
			name = Debug;
		};
		E546240A1B40D4FD00664E0B /* Release */ = {
			isa = XCBuildConfiguration;
			baseConfigurationReference = 1C193A960F22CE39A7ACAFF1 /* Pods-Dashcast.release.xcconfig */;
			buildSettings = {
				ASSETCATALOG_COMPILER_APPICON_NAME = AppIcon;
				CLANG_ENABLE_MODULES = YES;
				INFOPLIST_FILE = Dashcast/Info.plist;
				LD_RUNPATH_SEARCH_PATHS = "$(inherited) @executable_path/Frameworks";
				PRODUCT_NAME = SwipeQuote;
				SWIFT_OBJC_BRIDGING_HEADER = "Dashcast-Bridging-Header.h";
			};
			name = Release;
		};
		E546240C1B40D4FD00664E0B /* Debug */ = {
			isa = XCBuildConfiguration;
			buildSettings = {
				BUNDLE_LOADER = "$(TEST_HOST)";
				FRAMEWORK_SEARCH_PATHS = (
					"$(SDKROOT)/Developer/Library/Frameworks",
					"$(inherited)",
				);
				GCC_PREPROCESSOR_DEFINITIONS = (
					"DEBUG=1",
					"$(inherited)",
				);
				INFOPLIST_FILE = DashcastTests/Info.plist;
				LD_RUNPATH_SEARCH_PATHS = "$(inherited) @executable_path/Frameworks @loader_path/Frameworks";
				PRODUCT_NAME = SwipeQuoteTests;
				TEST_HOST = "$(BUILT_PRODUCTS_DIR)/Dashcast.app/Dashcast";
			};
			name = Debug;
		};
		E546240D1B40D4FD00664E0B /* Release */ = {
			isa = XCBuildConfiguration;
			buildSettings = {
				BUNDLE_LOADER = "$(TEST_HOST)";
				FRAMEWORK_SEARCH_PATHS = (
					"$(SDKROOT)/Developer/Library/Frameworks",
					"$(inherited)",
				);
				INFOPLIST_FILE = DashcastTests/Info.plist;
				LD_RUNPATH_SEARCH_PATHS = "$(inherited) @executable_path/Frameworks @loader_path/Frameworks";
				PRODUCT_NAME = SwipeQuoteTests;
				TEST_HOST = "$(BUILT_PRODUCTS_DIR)/Dashcast.app/Dashcast";
			};
			name = Release;
		};
/* End XCBuildConfiguration section */

/* Begin XCConfigurationList section */
		E54623E41B40D4FD00664E0B /* Build configuration list for PBXProject "SwipeQuote" */ = {
			isa = XCConfigurationList;
			buildConfigurations = (
				E54624061B40D4FD00664E0B /* Debug */,
				E54624071B40D4FD00664E0B /* Release */,
			);
			defaultConfigurationIsVisible = 0;
			defaultConfigurationName = Release;
		};
		E54624081B40D4FD00664E0B /* Build configuration list for PBXNativeTarget "SwipeQuote" */ = {
			isa = XCConfigurationList;
			buildConfigurations = (
				E54624091B40D4FD00664E0B /* Debug */,
				E546240A1B40D4FD00664E0B /* Release */,
			);
			defaultConfigurationIsVisible = 0;
			defaultConfigurationName = Release;
		};
		E546240B1B40D4FD00664E0B /* Build configuration list for PBXNativeTarget "SwipeQuoteTests" */ = {
			isa = XCConfigurationList;
			buildConfigurations = (
				E546240C1B40D4FD00664E0B /* Debug */,
				E546240D1B40D4FD00664E0B /* Release */,
			);
			defaultConfigurationIsVisible = 0;
			defaultConfigurationName = Release;
		};
/* End XCConfigurationList section */
	};
	rootObject = E54623E11B40D4FD00664E0B /* Project object */;
}
